
Microsoft Visual Studio Solution File, Format Version 12.00
# Visual Studio Version 17
VisualStudioVersion = 17.14.36301.6 d17.14
MinimumVisualStudioVersion = 10.0.40219.1
Project("{FAE04EC0-301F-11D3-BF4B-00C04F79EFBC}") = "Teste para cursos", "Teste para cursos\Teste para cursos.csproj", "{80133AFE-1C6B-44E8-A46D-0C755B1FA1DC}"
EndProject
Global
	GlobalSection(SolutionConfigurationPlatforms) = preSolution
		Debug|Any CPU = Debug|Any CPU
		Release|Any CPU = Release|Any CPU
	EndGlobalSection
	GlobalSection(ProjectConfigurationPlatforms) = postSolution
		{80133AFE-1C6B-44E8-A46D-0C755B1FA1DC}.Debug|Any CPU.ActiveCfg = Debug|Any CPU
		{80133AFE-1C6B-44E8-A46D-0C755B1FA1DC}.Debug|Any CPU.Build.0 = Debug|Any CPU
		{80133AFE-1C6B-44E8-A46D-0C755B1FA1DC}.Release|Any CPU.ActiveCfg = Release|Any CPU
		{80133AFE-1C6B-44E8-A46D-0C755B1FA1DC}.Release|Any CPU.Build.0 = Release|Any CPU
	EndGlobalSection
	GlobalSection(SolutionProperties) = preSolution
		HideSolutionNode = FALSE
	EndGlobalSection
	GlobalSection(ExtensibilityGlobals) = postSolution
		SolutionGuid = {6364941E-55AF-4A9D-BB3D-A249F87E96ED}
	EndGlobalSection
EndGlobal
